
Microsoft Visual Studio Solution File, Format Version 12.00
# Visual Studio Version 17
VisualStudioVersion = 17.5.002.0
MinimumVisualStudioVersion = 10.0.40219.1
Project("{2150E333-8FDC-42A3-9474-1A3956D46DE8}") = "csharp-prep", "csharp-prep", "{0BBCB38D-FD8B-4F7B-B2E9-B62033C871EF}"
EndProject
Project("{9A19103F-16F7-4668-BE54-9A1E7A4F7556}") = "Prep1", "csharp-prep\Prep1\Prep1.csproj", "{C51CD4FA-659B-4580-A5A1-2B4E7F3F865D}"
EndProject
Project("{9A19103F-16F7-4668-BE54-9A1E7A4F7556}") = "Prep2", "csharp-prep\Prep2\Prep2.csproj", "{AF7DC752-9D73-498C-8A50-C9C94E636CC3}"
EndProject
Project("{9A19103F-16F7-4668-BE54-9A1E7A4F7556}") = "Prep3", "csharp-prep\Prep3\Prep3.csproj", "{8E8C0FAF-091F-470A-A522-4120DF44C7D8}"
EndProject
Project("{9A19103F-16F7-4668-BE54-9A1E7A4F7556}") = "Prep4", "csharp-prep\Prep4\Prep4.csproj", "{C65CEA45-9CF6-4375-9BD2-283C18700E8B}"
EndProject
Project("{9A19103F-16F7-4668-BE54-9A1E7A4F7556}") = "Prep5", "csharp-prep\Prep5\Prep5.csproj", "{CF89E316-9C81-489B-A8C9-B536696A74ED}"
EndProject
Project("{2150E333-8FDC-42A3-9474-1A3956D46DE8}") = "final", "final", "{222AD33B-C3A4-4B6F-A43B-05C8B1C2C404}"
EndProject
Project("{9A19103F-16F7-4668-BE54-9A1E7A4F7556}") = "FinalProject", "final\FinalProject\FinalProject.csproj", "{30F8F171-4EC8-405E-A636-89F18C494559}"
EndProject
Project("{9A19103F-16F7-4668-BE54-9A1E7A4F7556}") = "Foundation1", "final\Foundation1\Foundation1.csproj", "{590FE259-6E4A-447F-B93F-AA944A2DFEA5}"
EndProject
Project("{9A19103F-16F7-4668-BE54-9A1E7A4F7556}") = "Foundation2", "final\Foundation2\Foundation2.csproj", "{36E3C08B-11F3-46D5-8315-509D05A749F4}"
EndProject
Project("{9A19103F-16F7-4668-BE54-9A1E7A4F7556}") = "Foundation3", "final\Foundation3\Foundation3.csproj", "{56CD5066-4282-42CB-834E-FB05042A8455}"
EndProject
Project("{9A19103F-16F7-4668-BE54-9A1E7A4F7556}") = "Foundation4", "final\Foundation4\Foundation4.csproj", "{F2AD8B60-7FB0-438B-AF9F-30594CC3CFA9}"
EndProject
Project("{2150E333-8FDC-42A3-9474-1A3956D46DE8}") = "prepare", "prepare", "{DE8DAACF-85D6-4C35-912A-9D439E68AE78}"
EndProject
Project("{9A19103F-16F7-4668-BE54-9A1E7A4F7556}") = "Learning02", "prepare\Learning02\Learning02.csproj", "{64115BB5-C8CB-4D31-AFDA-6F5A0F19893D}"
EndProject
Project("{9A19103F-16F7-4668-BE54-9A1E7A4F7556}") = "Learning03", "prepare\Learning03\Learning03.csproj", "{1C5816EE-AD83-41AA-B4FE-33CE8E2A795C}"
EndProject
Project("{9A19103F-16F7-4668-BE54-9A1E7A4F7556}") = "Learning04", "prepare\Learning04\Learning04.csproj", "{8A2EA9D0-26AF-4316-BF06-27C155393CDD}"
EndProject
Project("{9A19103F-16F7-4668-BE54-9A1E7A4F7556}") = "Learning05", "prepare\Learning05\Learning05.csproj", "{09929B3D-7492-4668-88B0-73DBDC7BC88A}"
EndProject
Project("{2150E333-8FDC-42A3-9474-1A3956D46DE8}") = "prove", "prove", "{3F42699B-4DDC-4FB6-9019-FE242ADA3ECB}"
EndProject
Project("{9A19103F-16F7-4668-BE54-9A1E7A4F7556}") = "Develop02", "prove\Develop02\Develop02.csproj", "{9AF83F88-5C87-44E3-A1AA-4C9A19F2F9E8}"
EndProject
Project("{9A19103F-16F7-4668-BE54-9A1E7A4F7556}") = "Develop03", "prove\Develop03\Develop03.csproj", "{5DB567F1-5511-47D8-BFCE-261D65085748}"
EndProject
Project("{9A19103F-16F7-4668-BE54-9A1E7A4F7556}") = "Develop04", "prove\Develop04\Develop04.csproj", "{ED767B97-FE6E-4E97-B89A-3C234AAC3AC2}"
EndProject
Project("{9A19103F-16F7-4668-BE54-9A1E7A4F7556}") = "Develop05", "prove\Develop05\Develop05.csproj", "{606FD94E-2837-4D06-B1E2-749889A64D82}"
EndProject
Project("{2150E333-8FDC-42A3-9474-1A3956D46DE8}") = "sandbox", "sandbox", "{25D720AB-25C9-4C04-8A52-D5F4266ECFC8}"
EndProject
Project("{9A19103F-16F7-4668-BE54-9A1E7A4F7556}") = "Sandbox", "sandbox\Sandbox\Sandbox.csproj", "{384510E0-877B-4106-8317-BB2AC14ED69F}"
EndProject
Global
	GlobalSection(SolutionConfigurationPlatforms) = preSolution
		Debug|Any CPU = Debug|Any CPU
		Release|Any CPU = Release|Any CPU
	EndGlobalSection
	GlobalSection(ProjectConfigurationPlatforms) = postSolution
		{C51CD4FA-659B-4580-A5A1-2B4E7F3F865D}.Debug|Any CPU.ActiveCfg = Debug|Any CPU
		{C51CD4FA-659B-4580-A5A1-2B4E7F3F865D}.Debug|Any CPU.Build.0 = Debug|Any CPU
		{C51CD4FA-659B-4580-A5A1-2B4E7F3F865D}.Release|Any CPU.ActiveCfg = Release|Any CPU
		{C51CD4FA-659B-4580-A5A1-2B4E7F3F865D}.Release|Any CPU.Build.0 = Release|Any CPU
		{AF7DC752-9D73-498C-8A50-C9C94E636CC3}.Debug|Any CPU.ActiveCfg = Debug|Any CPU
		{AF7DC752-9D73-498C-8A50-C9C94E636CC3}.Debug|Any CPU.Build.0 = Debug|Any CPU
		{AF7DC752-9D73-498C-8A50-C9C94E636CC3}.Release|Any CPU.ActiveCfg = Release|Any CPU
		{AF7DC752-9D73-498C-8A50-C9C94E636CC3}.Release|Any CPU.Build.0 = Release|Any CPU
		{8E8C0FAF-091F-470A-A522-4120DF44C7D8}.Debug|Any CPU.ActiveCfg = Debug|Any CPU
		{8E8C0FAF-091F-470A-A522-4120DF44C7D8}.Debug|Any CPU.Build.0 = Debug|Any CPU
		{8E8C0FAF-091F-470A-A522-4120DF44C7D8}.Release|Any CPU.ActiveCfg = Release|Any CPU
		{8E8C0FAF-091F-470A-A522-4120DF44C7D8}.Release|Any CPU.Build.0 = Release|Any CPU
		{C65CEA45-9CF6-4375-9BD2-283C18700E8B}.Debug|Any CPU.ActiveCfg = Debug|Any CPU
		{C65CEA45-9CF6-4375-9BD2-283C18700E8B}.Debug|Any CPU.Build.0 = Debug|Any CPU
		{C65CEA45-9CF6-4375-9BD2-283C18700E8B}.Release|Any CPU.ActiveCfg = Release|Any CPU
		{C65CEA45-9CF6-4375-9BD2-283C18700E8B}.Release|Any CPU.Build.0 = Release|Any CPU
		{CF89E316-9C81-489B-A8C9-B536696A74ED}.Debug|Any CPU.ActiveCfg = Debug|Any CPU
		{CF89E316-9C81-489B-A8C9-B536696A74ED}.Debug|Any CPU.Build.0 = Debug|Any CPU
		{CF89E316-9C81-489B-A8C9-B536696A74ED}.Release|Any CPU.ActiveCfg = Release|Any CPU
		{CF89E316-9C81-489B-A8C9-B536696A74ED}.Release|Any CPU.Build.0 = Release|Any CPU
		{30F8F171-4EC8-405E-A636-89F18C494559}.Debug|Any CPU.ActiveCfg = Debug|Any CPU
		{30F8F171-4EC8-405E-A636-89F18C494559}.Debug|Any CPU.Build.0 = Debug|Any CPU
		{30F8F171-4EC8-405E-A636-89F18C494559}.Release|Any CPU.ActiveCfg = Release|Any CPU
		{30F8F171-4EC8-405E-A636-89F18C494559}.Release|Any CPU.Build.0 = Release|Any CPU
		{590FE259-6E4A-447F-B93F-AA944A2DFEA5}.Debug|Any CPU.ActiveCfg = Debug|Any CPU
		{590FE259-6E4A-447F-B93F-AA944A2DFEA5}.Debug|Any CPU.Build.0 = Debug|Any CPU
		{590FE259-6E4A-447F-B93F-AA944A2DFEA5}.Release|Any CPU.ActiveCfg = Release|Any CPU
		{590FE259-6E4A-447F-B93F-AA944A2DFEA5}.Release|Any CPU.Build.0 = Release|Any CPU
		{36E3C08B-11F3-46D5-8315-509D05A749F4}.Debug|Any CPU.ActiveCfg = Debug|Any CPU
		{36E3C08B-11F3-46D5-8315-509D05A749F4}.Debug|Any CPU.Build.0 = Debug|Any CPU
		{36E3C08B-11F3-46D5-8315-509D05A749F4}.Release|Any CPU.ActiveCfg = Release|Any CPU
		{36E3C08B-11F3-46D5-8315-509D05A749F4}.Release|Any CPU.Build.0 = Release|Any CPU
		{56CD5066-4282-42CB-834E-FB05042A8455}.Debug|Any CPU.ActiveCfg = Debug|Any CPU
		{56CD5066-4282-42CB-834E-FB05042A8455}.Debug|Any CPU.Build.0 = Debug|Any CPU
		{56CD5066-4282-42CB-834E-FB05042A8455}.Release|Any CPU.ActiveCfg = Release|Any CPU
		{56CD5066-4282-42CB-834E-FB05042A8455}.Release|Any CPU.Build.0 = Release|Any CPU
		{F2AD8B60-7FB0-438B-AF9F-30594CC3CFA9}.Debug|Any CPU.ActiveCfg = Debug|Any CPU
		{F2AD8B60-7FB0-438B-AF9F-30594CC3CFA9}.Debug|Any CPU.Build.0 = Debug|Any CPU
		{F2AD8B60-7FB0-438B-AF9F-30594CC3CFA9}.Release|Any CPU.ActiveCfg = Release|Any CPU
		{F2AD8B60-7FB0-438B-AF9F-30594CC3CFA9}.Release|Any CPU.Build.0 = Release|Any CPU
		{64115BB5-C8CB-4D31-AFDA-6F5A0F19893D}.Debug|Any CPU.ActiveCfg = Debug|Any CPU
		{64115BB5-C8CB-4D31-AFDA-6F5A0F19893D}.Debug|Any CPU.Build.0 = Debug|Any CPU
		{64115BB5-C8CB-4D31-AFDA-6F5A0F19893D}.Release|Any CPU.ActiveCfg = Release|Any CPU
		{64115BB5-C8CB-4D31-AFDA-6F5A0F19893D}.Release|Any CPU.Build.0 = Release|Any CPU
		{1C5816EE-AD83-41AA-B4FE-33CE8E2A795C}.Debug|Any CPU.ActiveCfg = Debug|Any CPU
		{1C5816EE-AD83-41AA-B4FE-33CE8E2A795C}.Debug|Any CPU.Build.0 = Debug|Any CPU
		{1C5816EE-AD83-41AA-B4FE-33CE8E2A795C}.Release|Any CPU.ActiveCfg = Release|Any CPU
		{1C5816EE-AD83-41AA-B4FE-33CE8E2A795C}.Release|Any CPU.Build.0 = Release|Any CPU
		{8A2EA9D0-26AF-4316-BF06-27C155393CDD}.Debug|Any CPU.ActiveCfg = Debug|Any CPU
		{8A2EA9D0-26AF-4316-BF06-27C155393CDD}.Debug|Any CPU.Build.0 = Debug|Any CPU
		{8A2EA9D0-26AF-4316-BF06-27C155393CDD}.Release|Any CPU.ActiveCfg = Release|Any CPU
		{8A2EA9D0-26AF-4316-BF06-27C155393CDD}.Release|Any CPU.Build.0 = Release|Any CPU
		{09929B3D-7492-4668-88B0-73DBDC7BC88A}.Debug|Any CPU.ActiveCfg = Debug|Any CPU
		{09929B3D-7492-4668-88B0-73DBDC7BC88A}.Debug|Any CPU.Build.0 = Debug|Any CPU
		{09929B3D-7492-4668-88B0-73DBDC7BC88A}.Release|Any CPU.ActiveCfg = Release|Any CPU
		{09929B3D-7492-4668-88B0-73DBDC7BC88A}.Release|Any CPU.Build.0 = Release|Any CPU
		{9AF83F88-5C87-44E3-A1AA-4C9A19F2F9E8}.Debug|Any CPU.ActiveCfg = Debug|Any CPU
		{9AF83F88-5C87-44E3-A1AA-4C9A19F2F9E8}.Debug|Any CPU.Build.0 = Debug|Any CPU
		{9AF83F88-5C87-44E3-A1AA-4C9A19F2F9E8}.Release|Any CPU.ActiveCfg = Release|Any CPU
		{9AF83F88-5C87-44E3-A1AA-4C9A19F2F9E8}.Release|Any CPU.Build.0 = Release|Any CPU
		{5DB567F1-5511-47D8-BFCE-261D65085748}.Debug|Any CPU.ActiveCfg = Debug|Any CPU
		{5DB567F1-5511-47D8-BFCE-261D65085748}.Debug|Any CPU.Build.0 = Debug|Any CPU
		{5DB567F1-5511-47D8-BFCE-261D65085748}.Release|Any CPU.ActiveCfg = Release|Any CPU
		{5DB567F1-5511-47D8-BFCE-261D65085748}.Release|Any CPU.Build.0 = Release|Any CPU
		{ED767B97-FE6E-4E97-B89A-3C234AAC3AC2}.Debug|Any CPU.ActiveCfg = Debug|Any CPU
		{ED767B97-FE6E-4E97-B89A-3C234AAC3AC2}.Debug|Any CPU.Build.0 = Debug|Any CPU
		{ED767B97-FE6E-4E97-B89A-3C234AAC3AC2}.Release|Any CPU.ActiveCfg = Release|Any CPU
		{ED767B97-FE6E-4E97-B89A-3C234AAC3AC2}.Release|Any CPU.Build.0 = Release|Any CPU
		{606FD94E-2837-4D06-B1E2-749889A64D82}.Debug|Any CPU.ActiveCfg = Debug|Any CPU
		{606FD94E-2837-4D06-B1E2-749889A64D82}.Debug|Any CPU.Build.0 = Debug|Any CPU
		{606FD94E-2837-4D06-B1E2-749889A64D82}.Release|Any CPU.ActiveCfg = Release|Any CPU
		{606FD94E-2837-4D06-B1E2-749889A64D82}.Release|Any CPU.Build.0 = Release|Any CPU
		{384510E0-877B-4106-8317-BB2AC14ED69F}.Debug|Any CPU.ActiveCfg = Debug|Any CPU
		{384510E0-877B-4106-8317-BB2AC14ED69F}.Debug|Any CPU.Build.0 = Debug|Any CPU
		{384510E0-877B-4106-8317-BB2AC14ED69F}.Release|Any CPU.ActiveCfg = Release|Any CPU
		{384510E0-877B-4106-8317-BB2AC14ED69F}.Release|Any CPU.Build.0 = Release|Any CPU
	EndGlobalSection
	GlobalSection(SolutionProperties) = preSolution
		HideSolutionNode = FALSE
	EndGlobalSection
	GlobalSection(NestedProjects) = preSolution
		{C51CD4FA-659B-4580-A5A1-2B4E7F3F865D} = {0BBCB38D-FD8B-4F7B-B2E9-B62033C871EF}
		{AF7DC752-9D73-498C-8A50-C9C94E636CC3} = {0BBCB38D-FD8B-4F7B-B2E9-B62033C871EF}
		{8E8C0FAF-091F-470A-A522-4120DF44C7D8} = {0BBCB38D-FD8B-4F7B-B2E9-B62033C871EF}
		{C65CEA45-9CF6-4375-9BD2-283C18700E8B} = {0BBCB38D-FD8B-4F7B-B2E9-B62033C871EF}
		{CF89E316-9C81-489B-A8C9-B536696A74ED} = {0BBCB38D-FD8B-4F7B-B2E9-B62033C871EF}
		{30F8F171-4EC8-405E-A636-89F18C494559} = {222AD33B-C3A4-4B6F-A43B-05C8B1C2C404}
		{590FE259-6E4A-447F-B93F-AA944A2DFEA5} = {222AD33B-C3A4-4B6F-A43B-05C8B1C2C404}
		{36E3C08B-11F3-46D5-8315-509D05A749F4} = {222AD33B-C3A4-4B6F-A43B-05C8B1C2C404}
		{56CD5066-4282-42CB-834E-FB05042A8455} = {222AD33B-C3A4-4B6F-A43B-05C8B1C2C404}
		{F2AD8B60-7FB0-438B-AF9F-30594CC3CFA9} = {222AD33B-C3A4-4B6F-A43B-05C8B1C2C404}
		{64115BB5-C8CB-4D31-AFDA-6F5A0F19893D} = {DE8DAACF-85D6-4C35-912A-9D439E68AE78}
		{1C5816EE-AD83-41AA-B4FE-33CE8E2A795C} = {DE8DAACF-85D6-4C35-912A-9D439E68AE78}
		{8A2EA9D0-26AF-4316-BF06-27C155393CDD} = {DE8DAACF-85D6-4C35-912A-9D439E68AE78}
		{09929B3D-7492-4668-88B0-73DBDC7BC88A} = {DE8DAACF-85D6-4C35-912A-9D439E68AE78}
		{9AF83F88-5C87-44E3-A1AA-4C9A19F2F9E8} = {3F42699B-4DDC-4FB6-9019-FE242ADA3ECB}
		{5DB567F1-5511-47D8-BFCE-261D65085748} = {3F42699B-4DDC-4FB6-9019-FE242ADA3ECB}
		{ED767B97-FE6E-4E97-B89A-3C234AAC3AC2} = {3F42699B-4DDC-4FB6-9019-FE242ADA3ECB}
		{606FD94E-2837-4D06-B1E2-749889A64D82} = {3F42699B-4DDC-4FB6-9019-FE242ADA3ECB}
		{384510E0-877B-4106-8317-BB2AC14ED69F} = {25D720AB-25C9-4C04-8A52-D5F4266ECFC8}
	EndGlobalSection
	GlobalSection(ExtensibilityGlobals) = postSolution
		SolutionGuid = {97DAC4D6-25D0-4E6B-BEA9-B04E9B5E19BC}
	EndGlobalSection
EndGlobal
